
Microsoft Visual Studio Solution File, Format Version 12.00
# Visual Studio Version 16
VisualStudioVersion = 16.0.30204.135
MinimumVisualStudioVersion = 10.0.40219.1
Project("{9A19103F-16F7-4668-BE54-9A1E7A4F7556}") = "WebshopDemo.Website", "WebshopDemo.Website\WebshopDemo.Website.csproj", "{ABB64FB8-F62F-42B1-B721-0E0921B15992}"
EndProject
Project("{9A19103F-16F7-4668-BE54-9A1E7A4F7556}") = "WebshopDemo.ProductCatalog", "WebshopDemo.ProductCatalog\WebshopDemo.ProductCatalog.csproj", "{BA5A20BB-1C32-4A01-A8E6-29E558DE6483}"
EndProject
Project("{9A19103F-16F7-4668-BE54-9A1E7A4F7556}") = "WebshopDemo.ProductCatalog.IntegrationTests", "WebshopDemo.ProductCatalog.IntegrationTests\WebshopDemo.ProductCatalog.IntegrationTests.csproj", "{F5EED52F-2AFC-4679-B310-C9B8FCF12DD3}"
EndProject
Project("{FAE04EC0-301F-11D3-BF4B-00C04F79EFBC}") = "WebshopDemo.Sales", "WebshopDemo.Sales\WebshopDemo.Sales.csproj", "{E84B8D4D-641D-4C5A-ACF9-705248F73583}"
EndProject
Project("{FAE04EC0-301F-11D3-BF4B-00C04F79EFBC}") = "WebshopDemo.Sales.UnitTests", "WebshopDemo.Sales.UnitTests\WebshopDemo.Sales.UnitTests.csproj", "{F889E66D-4AAE-4AA8-87F3-C6F6950765A8}"
EndProject
Global
	GlobalSection(SolutionConfigurationPlatforms) = preSolution
		Debug|Any CPU = Debug|Any CPU
		Release|Any CPU = Release|Any CPU
	EndGlobalSection
	GlobalSection(ProjectConfigurationPlatforms) = postSolution
		{ABB64FB8-F62F-42B1-B721-0E0921B15992}.Debug|Any CPU.ActiveCfg = Debug|Any CPU
		{ABB64FB8-F62F-42B1-B721-0E0921B15992}.Debug|Any CPU.Build.0 = Debug|Any CPU
		{ABB64FB8-F62F-42B1-B721-0E0921B15992}.Release|Any CPU.ActiveCfg = Release|Any CPU
		{ABB64FB8-F62F-42B1-B721-0E0921B15992}.Release|Any CPU.Build.0 = Release|Any CPU
		{BA5A20BB-1C32-4A01-A8E6-29E558DE6483}.Debug|Any CPU.ActiveCfg = Debug|Any CPU
		{BA5A20BB-1C32-4A01-A8E6-29E558DE6483}.Debug|Any CPU.Build.0 = Debug|Any CPU
		{BA5A20BB-1C32-4A01-A8E6-29E558DE6483}.Release|Any CPU.ActiveCfg = Release|Any CPU
		{BA5A20BB-1C32-4A01-A8E6-29E558DE6483}.Release|Any CPU.Build.0 = Release|Any CPU
		{F5EED52F-2AFC-4679-B310-C9B8FCF12DD3}.Debug|Any CPU.ActiveCfg = Debug|Any CPU
		{F5EED52F-2AFC-4679-B310-C9B8FCF12DD3}.Debug|Any CPU.Build.0 = Debug|Any CPU
		{F5EED52F-2AFC-4679-B310-C9B8FCF12DD3}.Release|Any CPU.ActiveCfg = Release|Any CPU
		{F5EED52F-2AFC-4679-B310-C9B8FCF12DD3}.Release|Any CPU.Build.0 = Release|Any CPU
		{E84B8D4D-641D-4C5A-ACF9-705248F73583}.Debug|Any CPU.ActiveCfg = Debug|Any CPU
		{E84B8D4D-641D-4C5A-ACF9-705248F73583}.Debug|Any CPU.Build.0 = Debug|Any CPU
		{E84B8D4D-641D-4C5A-ACF9-705248F73583}.Release|Any CPU.ActiveCfg = Release|Any CPU
		{E84B8D4D-641D-4C5A-ACF9-705248F73583}.Release|Any CPU.Build.0 = Release|Any CPU
		{F889E66D-4AAE-4AA8-87F3-C6F6950765A8}.Debug|Any CPU.ActiveCfg = Debug|Any CPU
		{F889E66D-4AAE-4AA8-87F3-C6F6950765A8}.Debug|Any CPU.Build.0 = Debug|Any CPU
		{F889E66D-4AAE-4AA8-87F3-C6F6950765A8}.Release|Any CPU.ActiveCfg = Release|Any CPU
		{F889E66D-4AAE-4AA8-87F3-C6F6950765A8}.Release|Any CPU.Build.0 = Release|Any CPU
	EndGlobalSection
	GlobalSection(SolutionProperties) = preSolution
		HideSolutionNode = FALSE
	EndGlobalSection
	GlobalSection(ExtensibilityGlobals) = postSolution
		SolutionGuid = {5BEFBD50-E622-44D0-9E4C-6C276C80EF59}
	EndGlobalSection
EndGlobal
